
Microsoft Visual Studio Solution File, Format Version 12.00
# Visual Studio Version 16
VisualStudioVersion = 16.0.31005.135
MinimumVisualStudioVersion = 10.0.40219.1
Project("{FAE04EC0-301F-11D3-BF4B-00C04F79EFBC}") = "JamFlixx", "JamFlixx\JamFlixx.csproj", "{09CA766F-EA35-4222-8983-24CB06895BD8}"
EndProject
Global
	GlobalSection(SolutionConfigurationPlatforms) = preSolution
		Debug|Any CPU = Debug|Any CPU
		Release|Any CPU = Release|Any CPU
	EndGlobalSection
	GlobalSection(ProjectConfigurationPlatforms) = postSolution
		{09CA766F-EA35-4222-8983-24CB06895BD8}.Debug|Any CPU.ActiveCfg = Debug|Any CPU
		{09CA766F-EA35-4222-8983-24CB06895BD8}.Debug|Any CPU.Build.0 = Debug|Any CPU
		{09CA766F-EA35-4222-8983-24CB06895BD8}.Release|Any CPU.ActiveCfg = Release|Any CPU
		{09CA766F-EA35-4222-8983-24CB06895BD8}.Release|Any CPU.Build.0 = Release|Any CPU
	EndGlobalSection
	GlobalSection(SolutionProperties) = preSolution
		HideSolutionNode = FALSE
	EndGlobalSection
	GlobalSection(ExtensibilityGlobals) = postSolution
		SolutionGuid = {8DC23234-D5E0-4A0C-870C-906C06D6464C}
	EndGlobalSection
EndGlobal
